// !$*UTF8*$!
{
	archiveVersion = 1;
	classes = {
	};
	objectVersion = 55;
	objects = {

/* Begin PBXBuildFile section */
		D33F22E7275A44B4005B5910 /* tinkoff.swift in Sources */ = {isa = PBXBuildFile; fileRef = D33F22E6275A44B4005B5910 /* tinkoff.swift */; };
		D33F22EA275A5623005B5910 /* YandexMobileMetrica in Frameworks */ = {isa = PBXBuildFile; productRef = D33F22E9275A5623005B5910 /* YandexMobileMetrica */; };
		D33F22EC275A5623005B5910 /* YandexMobileMetricaCrashes in Frameworks */ = {isa = PBXBuildFile; productRef = D33F22EB275A5623005B5910 /* YandexMobileMetricaCrashes */; };
		D37B3B0A273800DF003D3395 /* AppDelegate.swift in Sources */ = {isa = PBXBuildFile; fileRef = D37B3B09273800DF003D3395 /* AppDelegate.swift */; };
		D37B3B0C273800DF003D3395 /* SceneDelegate.swift in Sources */ = {isa = PBXBuildFile; fileRef = D37B3B0B273800DF003D3395 /* SceneDelegate.swift */; };
		D37B3B0E273800DF003D3395 /* MainViewController.swift in Sources */ = {isa = PBXBuildFile; fileRef = D37B3B0D273800DF003D3395 /* MainViewController.swift */; };
		D37B3B11273800DF003D3395 /* Main.storyboard in Resources */ = {isa = PBXBuildFile; fileRef = D37B3B0F273800DF003D3395 /* Main.storyboard */; };
		D37B3B14273800DF003D3395 /* project.xcdatamodeld in Sources */ = {isa = PBXBuildFile; fileRef = D37B3B12273800DF003D3395 /* project.xcdatamodeld */; };
		D37B3B16273800E1003D3395 /* Assets.xcassets in Resources */ = {isa = PBXBuildFile; fileRef = D37B3B15273800E1003D3395 /* Assets.xcassets */; };
		D37B3B19273800E1003D3395 /* LaunchScreen.storyboard in Resources */ = {isa = PBXBuildFile; fileRef = D37B3B17273800E1003D3395 /* LaunchScreen.storyboard */; };
		D37B3B3E27382F0F003D3395 /* NetworkManager.swift in Sources */ = {isa = PBXBuildFile; fileRef = D37B3B3D27382F0F003D3395 /* NetworkManager.swift */; };
		D37B3B412738303E003D3395 /* News.swift in Sources */ = {isa = PBXBuildFile; fileRef = D37B3B402738303E003D3395 /* News.swift */; };
		D37B3B4527383124003D3395 /* ApiKey.swift in Sources */ = {isa = PBXBuildFile; fileRef = D37B3B4427383124003D3395 /* ApiKey.swift */; };
		D3BF642E2746491C00C89464 /* main_page.swift in Sources */ = {isa = PBXBuildFile; fileRef = D3BF642D2746491C00C89464 /* main_page.swift */; };
		D3BF64302746492700C89464 /* common.swift in Sources */ = {isa = PBXBuildFile; fileRef = D3BF642F2746492700C89464 /* common.swift */; };
		D3DE23E82738F53100309304 /* NewsViewModel.swift in Sources */ = {isa = PBXBuildFile; fileRef = D3DE23E72738F53100309304 /* NewsViewModel.swift */; };
		D3DE23EB2738FDCD00309304 /* NewsTableViewCell.swift in Sources */ = {isa = PBXBuildFile; fileRef = D3DE23EA2738FDCD00309304 /* NewsTableViewCell.swift */; };
		D3DE23EE27392A6700309304 /* SourceViewController.swift in Sources */ = {isa = PBXBuildFile; fileRef = D3DE23ED27392A6700309304 /* SourceViewController.swift */; };
		D3DE23F1273941C100309304 /* UITableViewExtensions.swift in Sources */ = {isa = PBXBuildFile; fileRef = D3DE23F0273941C100309304 /* UITableViewExtensions.swift */; };
		D3DE23F32739AEBA00309304 /* ConnectionManager.swift in Sources */ = {isa = PBXBuildFile; fileRef = D3DE23F22739AEBA00309304 /* ConnectionManager.swift */; };
		D3DE23F72739B04E00309304 /* NewsEntity+CoreDataClass.swift in Sources */ = {isa = PBXBuildFile; fileRef = D3DE23F52739B04E00309304 /* NewsEntity+CoreDataClass.swift */; };
		D3DE23F82739B04E00309304 /* NewsEntity+CoreDataProperties.swift in Sources */ = {isa = PBXBuildFile; fileRef = D3DE23F62739B04E00309304 /* NewsEntity+CoreDataProperties.swift */; };
		D3E56A392763B899002D96ED /* HistoryViewController.swift in Sources */ = {isa = PBXBuildFile; fileRef = D3E56A382763B899002D96ED /* HistoryViewController.swift */; };
		D3E56A3B2763B8A5002D96ED /* ShareViewController.swift in Sources */ = {isa = PBXBuildFile; fileRef = D3E56A3A2763B8A5002D96ED /* ShareViewController.swift */; };
/* End PBXBuildFile section */

/* Begin PBXContainerItemProxy section */
		D37B3B20273800E1003D3395 /* PBXContainerItemProxy */ = {
			isa = PBXContainerItemProxy;
			containerPortal = D37B3AFE273800DF003D3395 /* Project object */;
			proxyType = 1;
			remoteGlobalIDString = D37B3B05273800DF003D3395;
			remoteInfo = project;
		};
		D37B3B2A273800E1003D3395 /* PBXContainerItemProxy */ = {
			isa = PBXContainerItemProxy;
			containerPortal = D37B3AFE273800DF003D3395 /* Project object */;
			proxyType = 1;
			remoteGlobalIDString = D37B3B05273800DF003D3395;
			remoteInfo = project;
		};
/* End PBXContainerItemProxy section */

/* Begin PBXFileReference section */
		D33F22E6275A44B4005B5910 /* tinkoff.swift */ = {isa = PBXFileReference; lastKnownFileType = sourcecode.swift; path = tinkoff.swift; sourceTree = "<group>"; };
		D37B3B06273800DF003D3395 /* project.app */ = {isa = PBXFileReference; explicitFileType = wrapper.application; includeInIndex = 0; path = project.app; sourceTree = BUILT_PRODUCTS_DIR; };
		D37B3B09273800DF003D3395 /* AppDelegate.swift */ = {isa = PBXFileReference; lastKnownFileType = sourcecode.swift; path = AppDelegate.swift; sourceTree = "<group>"; };
		D37B3B0B273800DF003D3395 /* SceneDelegate.swift */ = {isa = PBXFileReference; lastKnownFileType = sourcecode.swift; path = SceneDelegate.swift; sourceTree = "<group>"; };
		D37B3B0D273800DF003D3395 /* MainViewController.swift */ = {isa = PBXFileReference; lastKnownFileType = sourcecode.swift; path = MainViewController.swift; sourceTree = "<group>"; };
		D37B3B10273800DF003D3395 /* Base */ = {isa = PBXFileReference; lastKnownFileType = file.storyboard; name = Base; path = Base.lproj/Main.storyboard; sourceTree = "<group>"; };
		D37B3B13273800DF003D3395 /* project.xcdatamodel */ = {isa = PBXFileReference; lastKnownFileType = wrapper.xcdatamodel; path = project.xcdatamodel; sourceTree = "<group>"; };
		D37B3B15273800E1003D3395 /* Assets.xcassets */ = {isa = PBXFileReference; lastKnownFileType = folder.assetcatalog; path = Assets.xcassets; sourceTree = "<group>"; };
		D37B3B18273800E1003D3395 /* Base */ = {isa = PBXFileReference; lastKnownFileType = file.storyboard; name = Base; path = Base.lproj/LaunchScreen.storyboard; sourceTree = "<group>"; };
		D37B3B1A273800E1003D3395 /* Info.plist */ = {isa = PBXFileReference; lastKnownFileType = text.plist.xml; path = Info.plist; sourceTree = "<group>"; };
		D37B3B1F273800E1003D3395 /* projectTests.xctest */ = {isa = PBXFileReference; explicitFileType = wrapper.cfbundle; includeInIndex = 0; path = projectTests.xctest; sourceTree = BUILT_PRODUCTS_DIR; };
		D37B3B29273800E1003D3395 /* projectUITests.xctest */ = {isa = PBXFileReference; explicitFileType = wrapper.cfbundle; includeInIndex = 0; path = projectUITests.xctest; sourceTree = BUILT_PRODUCTS_DIR; };
		D37B3B3D27382F0F003D3395 /* NetworkManager.swift */ = {isa = PBXFileReference; lastKnownFileType = sourcecode.swift; path = NetworkManager.swift; sourceTree = "<group>"; };
		D37B3B402738303E003D3395 /* News.swift */ = {isa = PBXFileReference; lastKnownFileType = sourcecode.swift; path = News.swift; sourceTree = "<group>"; };
		D37B3B4427383124003D3395 /* ApiKey.swift */ = {isa = PBXFileReference; lastKnownFileType = sourcecode.swift; path = ApiKey.swift; sourceTree = "<group>"; };
		D3BF642D2746491C00C89464 /* main_page.swift */ = {isa = PBXFileReference; lastKnownFileType = sourcecode.swift; path = main_page.swift; sourceTree = "<group>"; };
		D3BF642F2746492700C89464 /* common.swift */ = {isa = PBXFileReference; lastKnownFileType = sourcecode.swift; path = common.swift; sourceTree = "<group>"; };
		D3DE23E72738F53100309304 /* NewsViewModel.swift */ = {isa = PBXFileReference; lastKnownFileType = sourcecode.swift; path = NewsViewModel.swift; sourceTree = "<group>"; };
		D3DE23EA2738FDCD00309304 /* NewsTableViewCell.swift */ = {isa = PBXFileReference; lastKnownFileType = sourcecode.swift; path = NewsTableViewCell.swift; sourceTree = "<group>"; };
		D3DE23ED27392A6700309304 /* SourceViewController.swift */ = {isa = PBXFileReference; lastKnownFileType = sourcecode.swift; path = SourceViewController.swift; sourceTree = "<group>"; };
		D3DE23F0273941C100309304 /* UITableViewExtensions.swift */ = {isa = PBXFileReference; lastKnownFileType = sourcecode.swift; path = UITableViewExtensions.swift; sourceTree = "<group>"; };
		D3DE23F22739AEBA00309304 /* ConnectionManager.swift */ = {isa = PBXFileReference; lastKnownFileType = sourcecode.swift; path = ConnectionManager.swift; sourceTree = "<group>"; };
		D3DE23F52739B04E00309304 /* NewsEntity+CoreDataClass.swift */ = {isa = PBXFileReference; lastKnownFileType = sourcecode.swift; path = "NewsEntity+CoreDataClass.swift"; sourceTree = "<group>"; };
		D3DE23F62739B04E00309304 /* NewsEntity+CoreDataProperties.swift */ = {isa = PBXFileReference; lastKnownFileType = sourcecode.swift; path = "NewsEntity+CoreDataProperties.swift"; sourceTree = "<group>"; };
		D3E56A382763B899002D96ED /* HistoryViewController.swift */ = {isa = PBXFileReference; lastKnownFileType = sourcecode.swift; path = HistoryViewController.swift; sourceTree = "<group>"; };
		D3E56A3A2763B8A5002D96ED /* ShareViewController.swift */ = {isa = PBXFileReference; lastKnownFileType = sourcecode.swift; path = ShareViewController.swift; sourceTree = "<group>"; };
/* End PBXFileReference section */

/* Begin PBXFrameworksBuildPhase section */
		D37B3B03273800DF003D3395 /* Frameworks */ = {
			isa = PBXFrameworksBuildPhase;
			buildActionMask = 2147483647;
			files = (
				D33F22EC275A5623005B5910 /* YandexMobileMetricaCrashes in Frameworks */,
				D33F22EA275A5623005B5910 /* YandexMobileMetrica in Frameworks */,
			);
			runOnlyForDeploymentPostprocessing = 0;
		};
		D37B3B1C273800E1003D3395 /* Frameworks */ = {
			isa = PBXFrameworksBuildPhase;
			buildActionMask = 2147483647;
			files = (
			);
			runOnlyForDeploymentPostprocessing = 0;
		};
		D37B3B26273800E1003D3395 /* Frameworks */ = {
			isa = PBXFrameworksBuildPhase;
			buildActionMask = 2147483647;
			files = (
			);
			runOnlyForDeploymentPostprocessing = 0;
		};
/* End PBXFrameworksBuildPhase section */

/* Begin PBXGroup section */
		2FA2C9D9F7BD8BD62C393C8B /* Pods */ = {
			isa = PBXGroup;
			children = (
			);
			path = Pods;
			sourceTree = "<group>";
		};
		D37B3AFD273800DF003D3395 = {
			isa = PBXGroup;
			children = (
				D37B3B08273800DF003D3395 /* project */,
				D37B3B07273800DF003D3395 /* Products */,
				2FA2C9D9F7BD8BD62C393C8B /* Pods */,
			);
			sourceTree = "<group>";
		};
		D37B3B07273800DF003D3395 /* Products */ = {
			isa = PBXGroup;
			children = (
				D37B3B06273800DF003D3395 /* project.app */,
				D37B3B1F273800E1003D3395 /* projectTests.xctest */,
				D37B3B29273800E1003D3395 /* projectUITests.xctest */,
			);
			name = Products;
			sourceTree = "<group>";
		};
		D37B3B08273800DF003D3395 /* project */ = {
			isa = PBXGroup;
			children = (
				D3BF642C2746490700C89464 /* mainPage */,
				D3BF642B274648FF00C89464 /* common */,
				D3DE23F42739B03500309304 /* CoreData */,
				D3DE23EF2739419500309304 /* Extensions */,
				D3DE23EC273927E500309304 /* ViewController */,
				D3DE23E92738FDA700309304 /* NewsTableViewCell */,
				D3DE23E62738F51B00309304 /* NewsViewModel */,
				D37B3B4327383109003D3395 /* Config */,
				D37B3B3F2738302F003D3395 /* Models */,
				D37B3B3C27382F02003D3395 /* Services */,
				D37B3B09273800DF003D3395 /* AppDelegate.swift */,
				D37B3B0B273800DF003D3395 /* SceneDelegate.swift */,
				D37B3B0F273800DF003D3395 /* Main.storyboard */,
				D37B3B15273800E1003D3395 /* Assets.xcassets */,
				D37B3B17273800E1003D3395 /* LaunchScreen.storyboard */,
				D37B3B1A273800E1003D3395 /* Info.plist */,
				D37B3B12273800DF003D3395 /* project.xcdatamodeld */,
			);
			path = project;
			sourceTree = "<group>";
		};
		D37B3B3C27382F02003D3395 /* Services */ = {
			isa = PBXGroup;
			children = (
				D37B3B3D27382F0F003D3395 /* NetworkManager.swift */,
				D3DE23F22739AEBA00309304 /* ConnectionManager.swift */,
			);
			path = Services;
			sourceTree = "<group>";
		};
		D37B3B3F2738302F003D3395 /* Models */ = {
			isa = PBXGroup;
			children = (
				D37B3B402738303E003D3395 /* News.swift */,
			);
			path = Models;
			sourceTree = "<group>";
		};
		D37B3B4327383109003D3395 /* Config */ = {
			isa = PBXGroup;
			children = (
				D37B3B4427383124003D3395 /* ApiKey.swift */,
			);
			path = Config;
			sourceTree = "<group>";
		};
		D3BF642B274648FF00C89464 /* common */ = {
			isa = PBXGroup;
			children = (
				D3BF642F2746492700C89464 /* common.swift */,
			);
			path = common;
			sourceTree = "<group>";
		};
		D3BF642C2746490700C89464 /* mainPage */ = {
			isa = PBXGroup;
			children = (
				D3BF642D2746491C00C89464 /* main_page.swift */,
			);
			path = mainPage;
			sourceTree = "<group>";
		};
		D3DE23E62738F51B00309304 /* NewsViewModel */ = {
			isa = PBXGroup;
			children = (
				D3DE23E72738F53100309304 /* NewsViewModel.swift */,
			);
			path = NewsViewModel;
			sourceTree = "<group>";
		};
		D3DE23E92738FDA700309304 /* NewsTableViewCell */ = {
			isa = PBXGroup;
			children = (
				D3DE23EA2738FDCD00309304 /* NewsTableViewCell.swift */,
			);
			path = NewsTableViewCell;
			sourceTree = "<group>";
		};
		D3DE23EC273927E500309304 /* ViewController */ = {
			isa = PBXGroup;
			children = (
				D37B3B0D273800DF003D3395 /* MainViewController.swift */,
				D3DE23ED27392A6700309304 /* SourceViewController.swift */,
				D3E56A382763B899002D96ED /* HistoryViewController.swift */,
				D3E56A3A2763B8A5002D96ED /* ShareViewController.swift */,
			);
			path = ViewController;
			sourceTree = "<group>";
		};
		D3DE23EF2739419500309304 /* Extensions */ = {
			isa = PBXGroup;
			children = (
				D3DE23F0273941C100309304 /* UITableViewExtensions.swift */,
				D33F22E6275A44B4005B5910 /* tinkoff.swift */,
			);
			path = Extensions;
			sourceTree = "<group>";
		};
		D3DE23F42739B03500309304 /* CoreData */ = {
			isa = PBXGroup;
			children = (
				D3DE23F52739B04E00309304 /* NewsEntity+CoreDataClass.swift */,
				D3DE23F62739B04E00309304 /* NewsEntity+CoreDataProperties.swift */,
			);
			path = CoreData;
			sourceTree = "<group>";
		};
/* End PBXGroup section */

/* Begin PBXNativeTarget section */
		D37B3B05273800DF003D3395 /* project */ = {
			isa = PBXNativeTarget;
			buildConfigurationList = D37B3B33273800E1003D3395 /* Build configuration list for PBXNativeTarget "project" */;
			buildPhases = (
				D37B3B02273800DF003D3395 /* Sources */,
				D37B3B03273800DF003D3395 /* Frameworks */,
				D37B3B04273800DF003D3395 /* Resources */,
			);
			buildRules = (
			);
			dependencies = (
			);
			name = project;
			packageProductDependencies = (
				D33F22E9275A5623005B5910 /* YandexMobileMetrica */,
				D33F22EB275A5623005B5910 /* YandexMobileMetricaCrashes */,
			);
			productName = project;
			productReference = D37B3B06273800DF003D3395 /* project.app */;
			productType = "com.apple.product-type.application";
		};
		D37B3B1E273800E1003D3395 /* projectTests */ = {
			isa = PBXNativeTarget;
			buildConfigurationList = D37B3B36273800E1003D3395 /* Build configuration list for PBXNativeTarget "projectTests" */;
			buildPhases = (
				D37B3B1B273800E1003D3395 /* Sources */,
				D37B3B1C273800E1003D3395 /* Frameworks */,
				D37B3B1D273800E1003D3395 /* Resources */,
			);
			buildRules = (
			);
			dependencies = (
				D37B3B21273800E1003D3395 /* PBXTargetDependency */,
			);
			name = projectTests;
			productName = projectTests;
			productReference = D37B3B1F273800E1003D3395 /* projectTests.xctest */;
			productType = "com.apple.product-type.bundle.unit-test";
		};
		D37B3B28273800E1003D3395 /* projectUITests */ = {
			isa = PBXNativeTarget;
			buildConfigurationList = D37B3B39273800E1003D3395 /* Build configuration list for PBXNativeTarget "projectUITests" */;
			buildPhases = (
				D37B3B25273800E1003D3395 /* Sources */,
				D37B3B26273800E1003D3395 /* Frameworks */,
				D37B3B27273800E1003D3395 /* Resources */,
			);
			buildRules = (
			);
			dependencies = (
				D37B3B2B273800E1003D3395 /* PBXTargetDependency */,
			);
			name = projectUITests;
			productName = projectUITests;
			productReference = D37B3B29273800E1003D3395 /* projectUITests.xctest */;
			productType = "com.apple.product-type.bundle.ui-testing";
		};
/* End PBXNativeTarget section */

/* Begin PBXProject section */
		D37B3AFE273800DF003D3395 /* Project object */ = {
			isa = PBXProject;
			attributes = {
				BuildIndependentTargetsInParallel = 1;
				LastSwiftUpdateCheck = 1300;
				LastUpgradeCheck = 1300;
				TargetAttributes = {
					D37B3B05273800DF003D3395 = {
						CreatedOnToolsVersion = 13.0;
					};
					D37B3B1E273800E1003D3395 = {
						CreatedOnToolsVersion = 13.0;
						TestTargetID = D37B3B05273800DF003D3395;
					};
					D37B3B28273800E1003D3395 = {
						CreatedOnToolsVersion = 13.0;
						TestTargetID = D37B3B05273800DF003D3395;
					};
				};
			};
			buildConfigurationList = D37B3B01273800DF003D3395 /* Build configuration list for PBXProject "project" */;
			compatibilityVersion = "Xcode 13.0";
			developmentRegion = en;
			hasScannedForEncodings = 0;
			knownRegions = (
				en,
				Base,
			);
			mainGroup = D37B3AFD273800DF003D3395;
			packageReferences = (
				D33F22E8275A5623005B5910 /* XCRemoteSwiftPackageReference "metrica-sdk-ios" */,
			);
			productRefGroup = D37B3B07273800DF003D3395 /* Products */;
			projectDirPath = "";
			projectRoot = "";
			targets = (
				D37B3B05273800DF003D3395 /* project */,
				D37B3B1E273800E1003D3395 /* projectTests */,
				D37B3B28273800E1003D3395 /* projectUITests */,
			);
		};
/* End PBXProject section */

/* Begin PBXResourcesBuildPhase section */
		D37B3B04273800DF003D3395 /* Resources */ = {
			isa = PBXResourcesBuildPhase;
			buildActionMask = 2147483647;
			files = (
				D37B3B19273800E1003D3395 /* LaunchScreen.storyboard in Resources */,
				D37B3B16273800E1003D3395 /* Assets.xcassets in Resources */,
				D37B3B11273800DF003D3395 /* Main.storyboard in Resources */,
			);
			runOnlyForDeploymentPostprocessing = 0;
		};
		D37B3B1D273800E1003D3395 /* Resources */ = {
			isa = PBXResourcesBuildPhase;
			buildActionMask = 2147483647;
			files = (
			);
			runOnlyForDeploymentPostprocessing = 0;
		};
		D37B3B27273800E1003D3395 /* Resources */ = {
			isa = PBXResourcesBuildPhase;
			buildActionMask = 2147483647;
			files = (
			);
			runOnlyForDeploymentPostprocessing = 0;
		};
/* End PBXResourcesBuildPhase section */

/* Begin PBXSourcesBuildPhase section */
		D37B3B02273800DF003D3395 /* Sources */ = {
			isa = PBXSourcesBuildPhase;
			buildActionMask = 2147483647;
			files = (
				D3BF64302746492700C89464 /* common.swift in Sources */,
				D37B3B412738303E003D3395 /* News.swift in Sources */,
				D3DE23F32739AEBA00309304 /* ConnectionManager.swift in Sources */,
				D3DE23F72739B04E00309304 /* NewsEntity+CoreDataClass.swift in Sources */,
				D37B3B0E273800DF003D3395 /* MainViewController.swift in Sources */,
				D3DE23F1273941C100309304 /* UITableViewExtensions.swift in Sources */,
				D3E56A3B2763B8A5002D96ED /* ShareViewController.swift in Sources */,
				D37B3B0A273800DF003D3395 /* AppDelegate.swift in Sources */,
				D37B3B3E27382F0F003D3395 /* NetworkManager.swift in Sources */,
				D37B3B4527383124003D3395 /* ApiKey.swift in Sources */,
				D3DE23EE27392A6700309304 /* SourceViewController.swift in Sources */,
				D3BF642E2746491C00C89464 /* main_page.swift in Sources */,
				D37B3B0C273800DF003D3395 /* SceneDelegate.swift in Sources */,
				D37B3B14273800DF003D3395 /* project.xcdatamodeld in Sources */,
				D33F22E7275A44B4005B5910 /* tinkoff.swift in Sources */,
				D3DE23F82739B04E00309304 /* NewsEntity+CoreDataProperties.swift in Sources */,
				D3E56A392763B899002D96ED /* HistoryViewController.swift in Sources */,
				D3DE23E82738F53100309304 /* NewsViewModel.swift in Sources */,
				D3DE23EB2738FDCD00309304 /* NewsTableViewCell.swift in Sources */,
			);
			runOnlyForDeploymentPostprocessing = 0;
		};
		D37B3B1B273800E1003D3395 /* Sources */ = {
			isa = PBXSourcesBuildPhase;
			buildActionMask = 2147483647;
			files = (
			);
			runOnlyForDeploymentPostprocessing = 0;
		};
		D37B3B25273800E1003D3395 /* Sources */ = {
			isa = PBXSourcesBuildPhase;
			buildActionMask = 2147483647;
			files = (
			);
			runOnlyForDeploymentPostprocessing = 0;
		};
/* End PBXSourcesBuildPhase section */

/* Begin PBXTargetDependency section */
		D37B3B21273800E1003D3395 /* PBXTargetDependency */ = {
			isa = PBXTargetDependency;
			target = D37B3B05273800DF003D3395 /* project */;
			targetProxy = D37B3B20273800E1003D3395 /* PBXContainerItemProxy */;
		};
		D37B3B2B273800E1003D3395 /* PBXTargetDependency */ = {
			isa = PBXTargetDependency;
			target = D37B3B05273800DF003D3395 /* project */;
			targetProxy = D37B3B2A273800E1003D3395 /* PBXContainerItemProxy */;
		};
/* End PBXTargetDependency section */

/* Begin PBXVariantGroup section */
		D37B3B0F273800DF003D3395 /* Main.storyboard */ = {
			isa = PBXVariantGroup;
			children = (
				D37B3B10273800DF003D3395 /* Base */,
			);
			name = Main.storyboard;
			sourceTree = "<group>";
		};
		D37B3B17273800E1003D3395 /* LaunchScreen.storyboard */ = {
			isa = PBXVariantGroup;
			children = (
				D37B3B18273800E1003D3395 /* Base */,
			);
			name = LaunchScreen.storyboard;
			sourceTree = "<group>";
		};
/* End PBXVariantGroup section */

/* Begin XCBuildConfiguration section */
		D37B3B31273800E1003D3395 /* Debug */ = {
			isa = XCBuildConfiguration;
			buildSettings = {
				ALWAYS_SEARCH_USER_PATHS = NO;
				"ARCHS[sdk=*]" = "$(ARCHS_STANDARD)";
				CLANG_ANALYZER_NONNULL = YES;
				CLANG_ANALYZER_NUMBER_OBJECT_CONVERSION = YES_AGGRESSIVE;
				CLANG_CXX_LANGUAGE_STANDARD = "gnu++17";
				CLANG_CXX_LIBRARY = "libc++";
				CLANG_ENABLE_MODULES = YES;
				CLANG_ENABLE_OBJC_ARC = YES;
				CLANG_ENABLE_OBJC_WEAK = YES;
				CLANG_WARN_BLOCK_CAPTURE_AUTORELEASING = YES;
				CLANG_WARN_BOOL_CONVERSION = YES;
				CLANG_WARN_COMMA = YES;
				CLANG_WARN_CONSTANT_CONVERSION = YES;
				CLANG_WARN_DEPRECATED_OBJC_IMPLEMENTATIONS = YES;
				CLANG_WARN_DIRECT_OBJC_ISA_USAGE = YES_ERROR;
				CLANG_WARN_DOCUMENTATION_COMMENTS = YES;
				CLANG_WARN_EMPTY_BODY = YES;
				CLANG_WARN_ENUM_CONVERSION = YES;
				CLANG_WARN_INFINITE_RECURSION = YES;
				CLANG_WARN_INT_CONVERSION = YES;
				CLANG_WARN_NON_LITERAL_NULL_CONVERSION = YES;
				CLANG_WARN_OBJC_IMPLICIT_RETAIN_SELF = YES;
				CLANG_WARN_OBJC_LITERAL_CONVERSION = YES;
				CLANG_WARN_OBJC_ROOT_CLASS = YES_ERROR;
				CLANG_WARN_QUOTED_INCLUDE_IN_FRAMEWORK_HEADER = YES;
				CLANG_WARN_RANGE_LOOP_ANALYSIS = YES;
				CLANG_WARN_STRICT_PROTOTYPES = YES;
				CLANG_WARN_SUSPICIOUS_MOVE = YES;
				CLANG_WARN_UNGUARDED_AVAILABILITY = YES_AGGRESSIVE;
				CLANG_WARN_UNREACHABLE_CODE = YES;
				CLANG_WARN__DUPLICATE_METHOD_MATCH = YES;
				COPY_PHASE_STRIP = NO;
				DEBUG_INFORMATION_FORMAT = dwarf;
				ENABLE_STRICT_OBJC_MSGSEND = YES;
				ENABLE_TESTABILITY = YES;
				GCC_C_LANGUAGE_STANDARD = gnu11;
				GCC_DYNAMIC_NO_PIC = NO;
				GCC_NO_COMMON_BLOCKS = YES;
				GCC_OPTIMIZATION_LEVEL = 0;
				GCC_PREPROCESSOR_DEFINITIONS = (
					"DEBUG=1",
					"$(inherited)",
				);
				GCC_WARN_64_TO_32_BIT_CONVERSION = YES;
				GCC_WARN_ABOUT_RETURN_TYPE = YES_ERROR;
				GCC_WARN_UNDECLARED_SELECTOR = YES;
				GCC_WARN_UNINITIALIZED_AUTOS = YES_AGGRESSIVE;
				GCC_WARN_UNUSED_FUNCTION = YES;
				GCC_WARN_UNUSED_VARIABLE = YES;
				IPHONEOS_DEPLOYMENT_TARGET = 15.0;
				MTL_ENABLE_DEBUG_INFO = INCLUDE_SOURCE;
				MTL_FAST_MATH = YES;
				ONLY_ACTIVE_ARCH = YES;
				SDKROOT = iphoneos;
				SWIFT_ACTIVE_COMPILATION_CONDITIONS = DEBUG;
				SWIFT_OPTIMIZATION_LEVEL = "-Onone";
			};
			name = Debug;
		};
		D37B3B32273800E1003D3395 /* Release */ = {
			isa = XCBuildConfiguration;
			buildSettings = {
				ALWAYS_SEARCH_USER_PATHS = NO;
				CLANG_ANALYZER_NONNULL = YES;
				CLANG_ANALYZER_NUMBER_OBJECT_CONVERSION = YES_AGGRESSIVE;
				CLANG_CXX_LANGUAGE_STANDARD = "gnu++17";
				CLANG_CXX_LIBRARY = "libc++";
				CLANG_ENABLE_MODULES = YES;
				CLANG_ENABLE_OBJC_ARC = YES;
				CLANG_ENABLE_OBJC_WEAK = YES;
				CLANG_WARN_BLOCK_CAPTURE_AUTORELEASING = YES;
				CLANG_WARN_BOOL_CONVERSION = YES;
				CLANG_WARN_COMMA = YES;
				CLANG_WARN_CONSTANT_CONVERSION = YES;
				CLANG_WARN_DEPRECATED_OBJC_IMPLEMENTATIONS = YES;
				CLANG_WARN_DIRECT_OBJC_ISA_USAGE = YES_ERROR;
				CLANG_WARN_DOCUMENTATION_COMMENTS = YES;
				CLANG_WARN_EMPTY_BODY = YES;
				CLANG_WARN_ENUM_CONVERSION = YES;
				CLANG_WARN_INFINITE_RECURSION = YES;
				CLANG_WARN_INT_CONVERSION = YES;
				CLANG_WARN_NON_LITERAL_NULL_CONVERSION = YES;
				CLANG_WARN_OBJC_IMPLICIT_RETAIN_SELF = YES;
				CLANG_WARN_OBJC_LITERAL_CONVERSION = YES;
				CLANG_WARN_OBJC_ROOT_CLASS = YES_ERROR;
				CLANG_WARN_QUOTED_INCLUDE_IN_FRAMEWORK_HEADER = YES;
				CLANG_WARN_RANGE_LOOP_ANALYSIS = YES;
				CLANG_WARN_STRICT_PROTOTYPES = YES;
				CLANG_WARN_SUSPICIOUS_MOVE = YES;
				CLANG_WARN_UNGUARDED_AVAILABILITY = YES_AGGRESSIVE;
				CLANG_WARN_UNREACHABLE_CODE = YES;
				CLANG_WARN__DUPLICATE_METHOD_MATCH = YES;
				COPY_PHASE_STRIP = NO;
				DEBUG_INFORMATION_FORMAT = "dwarf-with-dsym";
				ENABLE_NS_ASSERTIONS = NO;
				ENABLE_STRICT_OBJC_MSGSEND = YES;
				GCC_C_LANGUAGE_STANDARD = gnu11;
				GCC_NO_COMMON_BLOCKS = YES;
				GCC_WARN_64_TO_32_BIT_CONVERSION = YES;
				GCC_WARN_ABOUT_RETURN_TYPE = YES_ERROR;
				GCC_WARN_UNDECLARED_SELECTOR = YES;
				GCC_WARN_UNINITIALIZED_AUTOS = YES_AGGRESSIVE;
				GCC_WARN_UNUSED_FUNCTION = YES;
				GCC_WARN_UNUSED_VARIABLE = YES;
				IPHONEOS_DEPLOYMENT_TARGET = 15.0;
				MTL_ENABLE_DEBUG_INFO = NO;
				MTL_FAST_MATH = YES;
				SDKROOT = iphoneos;
				SWIFT_COMPILATION_MODE = wholemodule;
				SWIFT_OPTIMIZATION_LEVEL = "-O";
				VALIDATE_PRODUCT = YES;
			};
			name = Release;
		};
		D37B3B34273800E1003D3395 /* Debug */ = {
			isa = XCBuildConfiguration;
			buildSettings = {
				ASSETCATALOG_COMPILER_APPICON_NAME = AppIcon;
				ASSETCATALOG_COMPILER_GLOBAL_ACCENT_COLOR_NAME = AccentColor;
				CODE_SIGN_STYLE = Automatic;
				CURRENT_PROJECT_VERSION = 1;
				DEVELOPMENT_TEAM = 95X368593A;
				GENERATE_INFOPLIST_FILE = YES;
				INFOPLIST_FILE = project/Info.plist;
				INFOPLIST_KEY_CFBundleDisplayName = "Boxing Project";
				INFOPLIST_KEY_UIApplicationSupportsIndirectInputEvents = YES;
				INFOPLIST_KEY_UILaunchStoryboardName = LaunchScreen;
				INFOPLIST_KEY_UIMainStoryboardFile = Main;
				INFOPLIST_KEY_UISupportedInterfaceOrientations = UIInterfaceOrientationPortrait;
				INFOPLIST_KEY_UISupportedInterfaceOrientations_iPad = "UIInterfaceOrientationPortrait UIInterfaceOrientationPortraitUpsideDown UIInterfaceOrientationLandscapeLeft UIInterfaceOrientationLandscapeRight";
				INFOPLIST_KEY_UISupportedInterfaceOrientations_iPhone = "UIInterfaceOrientationPortrait UIInterfaceOrientationLandscapeLeft UIInterfaceOrientationLandscapeRight";
				LD_RUNPATH_SEARCH_PATHS = (
					"$(inherited)",
					"@executable_path/Frameworks",
				);
				MARKETING_VERSION = 1.0;
				PRODUCT_BUNDLE_IDENTIFIER = com.testchipi.projectsystemlino;
				PRODUCT_NAME = "$(TARGET_NAME)";
				SWIFT_EMIT_LOC_STRINGS = YES;
				SWIFT_VERSION = 5.0;
				TARGETED_DEVICE_FAMILY = 1;
			};
			name = Debug;
		};
		D37B3B35273800E1003D3395 /* Release */ = {
			isa = XCBuildConfiguration;
			buildSettings = {
				ASSETCATALOG_COMPILER_APPICON_NAME = AppIcon;
				ASSETCATALOG_COMPILER_GLOBAL_ACCENT_COLOR_NAME = AccentColor;
				CODE_SIGN_STYLE = Automatic;
				CURRENT_PROJECT_VERSION = 1;
				DEVELOPMENT_TEAM = 95X368593A;
				GENERATE_INFOPLIST_FILE = YES;
				INFOPLIST_FILE = project/Info.plist;
				INFOPLIST_KEY_CFBundleDisplayName = "Boxing Project";
				INFOPLIST_KEY_UIApplicationSupportsIndirectInputEvents = YES;
				INFOPLIST_KEY_UILaunchStoryboardName = LaunchScreen;
				INFOPLIST_KEY_UIMainStoryboardFile = Main;
				INFOPLIST_KEY_UISupportedInterfaceOrientations = UIInterfaceOrientationPortrait;
				INFOPLIST_KEY_UISupportedInterfaceOrientations_iPad = "UIInterfaceOrientationPortrait UIInterfaceOrientationPortraitUpsideDown UIInterfaceOrientationLandscapeLeft UIInterfaceOrientationLandscapeRight";
				INFOPLIST_KEY_UISupportedInterfaceOrientations_iPhone = "UIInterfaceOrientationPortrait UIInterfaceOrientationLandscapeLeft UIInterfaceOrientationLandscapeRight";
				LD_RUNPATH_SEARCH_PATHS = (
					"$(inherited)",
					"@executable_path/Frameworks",
				);
				MARKETING_VERSION = 1.0;
				PRODUCT_BUNDLE_IDENTIFIER = com.testchipi.projectsystemlino;
				PRODUCT_NAME = "$(TARGET_NAME)";
				SWIFT_EMIT_LOC_STRINGS = YES;
				SWIFT_VERSION = 5.0;
				TARGETED_DEVICE_FAMILY = 1;
			};
			name = Release;
		};
		D37B3B37273800E1003D3395 /* Debug */ = {
			isa = XCBuildConfiguration;
			buildSettings = {
				ALWAYS_EMBED_SWIFT_STANDARD_LIBRARIES = YES;
				BUNDLE_LOADER = "$(TEST_HOST)";
				CODE_SIGN_STYLE = Automatic;
				CURRENT_PROJECT_VERSION = 1;
				GENERATE_INFOPLIST_FILE = YES;
				IPHONEOS_DEPLOYMENT_TARGET = 15.0;
				LD_RUNPATH_SEARCH_PATHS = (
					"$(inherited)",
					"@executable_path/Frameworks",
					"@loader_path/Frameworks",
				);
				MARKETING_VERSION = 1.0;
				PRODUCT_BUNDLE_IDENTIFIER = com.test.projectTests;
				PRODUCT_NAME = "$(TARGET_NAME)";
				SWIFT_EMIT_LOC_STRINGS = NO;
				SWIFT_VERSION = 5.0;
				TARGETED_DEVICE_FAMILY = "1,2";
				TEST_HOST = "$(BUILT_PRODUCTS_DIR)/project.app/project";
			};
			name = Debug;
		};
		D37B3B38273800E1003D3395 /* Release */ = {
			isa = XCBuildConfiguration;
			buildSettings = {
				ALWAYS_EMBED_SWIFT_STANDARD_LIBRARIES = YES;
				BUNDLE_LOADER = "$(TEST_HOST)";
				CODE_SIGN_STYLE = Automatic;
				CURRENT_PROJECT_VERSION = 1;
				GENERATE_INFOPLIST_FILE = YES;
				IPHONEOS_DEPLOYMENT_TARGET = 15.0;
				LD_RUNPATH_SEARCH_PATHS = (
					"$(inherited)",
					"@executable_path/Frameworks",
					"@loader_path/Frameworks",
				);
				MARKETING_VERSION = 1.0;
				PRODUCT_BUNDLE_IDENTIFIER = com.test.projectTests;
				PRODUCT_NAME = "$(TARGET_NAME)";
				SWIFT_EMIT_LOC_STRINGS = NO;
				SWIFT_VERSION = 5.0;
				TARGETED_DEVICE_FAMILY = "1,2";
				TEST_HOST = "$(BUILT_PRODUCTS_DIR)/project.app/project";
			};
			name = Release;
		};
		D37B3B3A273800E1003D3395 /* Debug */ = {
			isa = XCBuildConfiguration;
			buildSettings = {
				ALWAYS_EMBED_SWIFT_STANDARD_LIBRARIES = YES;
				CODE_SIGN_STYLE = Automatic;
				CURRENT_PROJECT_VERSION = 1;
				GENERATE_INFOPLIST_FILE = YES;
				LD_RUNPATH_SEARCH_PATHS = (
					"$(inherited)",
					"@executable_path/Frameworks",
					"@loader_path/Frameworks",
				);
				MARKETING_VERSION = 1.0;
				PRODUCT_BUNDLE_IDENTIFIER = com.test.projectUITests;
				PRODUCT_NAME = "$(TARGET_NAME)";
				SWIFT_EMIT_LOC_STRINGS = NO;
				SWIFT_VERSION = 5.0;
				TARGETED_DEVICE_FAMILY = "1,2";
				TEST_TARGET_NAME = project;
			};
			name = Debug;
		};
		D37B3B3B273800E1003D3395 /* Release */ = {
			isa = XCBuildConfiguration;
			buildSettings = {
				ALWAYS_EMBED_SWIFT_STANDARD_LIBRARIES = YES;
				CODE_SIGN_STYLE = Automatic;
				CURRENT_PROJECT_VERSION = 1;
				GENERATE_INFOPLIST_FILE = YES;
				LD_RUNPATH_SEARCH_PATHS = (
					"$(inherited)",
					"@executable_path/Frameworks",
					"@loader_path/Frameworks",
				);
				MARKETING_VERSION = 1.0;
				PRODUCT_BUNDLE_IDENTIFIER = com.test.projectUITests;
				PRODUCT_NAME = "$(TARGET_NAME)";
				SWIFT_EMIT_LOC_STRINGS = NO;
				SWIFT_VERSION = 5.0;
				TARGETED_DEVICE_FAMILY = "1,2";
				TEST_TARGET_NAME = project;
			};
			name = Release;
		};
/* End XCBuildConfiguration section */

/* Begin XCConfigurationList section */
		D37B3B01273800DF003D3395 /* Build configuration list for PBXProject "project" */ = {
			isa = XCConfigurationList;
			buildConfigurations = (
				D37B3B31273800E1003D3395 /* Debug */,
				D37B3B32273800E1003D3395 /* Release */,
			);
			defaultConfigurationIsVisible = 0;
			defaultConfigurationName = Release;
		};
		D37B3B33273800E1003D3395 /* Build configuration list for PBXNativeTarget "project" */ = {
			isa = XCConfigurationList;
			buildConfigurations = (
				D37B3B34273800E1003D3395 /* Debug */,
				D37B3B35273800E1003D3395 /* Release */,
			);
			defaultConfigurationIsVisible = 0;
			defaultConfigurationName = Release;
		};
		D37B3B36273800E1003D3395 /* Build configuration list for PBXNativeTarget "projectTests" */ = {
			isa = XCConfigurationList;
			buildConfigurations = (
				D37B3B37273800E1003D3395 /* Debug */,
				D37B3B38273800E1003D3395 /* Release */,
			);
			defaultConfigurationIsVisible = 0;
			defaultConfigurationName = Release;
		};
		D37B3B39273800E1003D3395 /* Build configuration list for PBXNativeTarget "projectUITests" */ = {
			isa = XCConfigurationList;
			buildConfigurations = (
				D37B3B3A273800E1003D3395 /* Debug */,
				D37B3B3B273800E1003D3395 /* Release */,
			);
			defaultConfigurationIsVisible = 0;
			defaultConfigurationName = Release;
		};
/* End XCConfigurationList section */

/* Begin XCRemoteSwiftPackageReference section */
		D33F22E8275A5623005B5910 /* XCRemoteSwiftPackageReference "metrica-sdk-ios" */ = {
			isa = XCRemoteSwiftPackageReference;
			repositoryURL = "https://github.com/yandexmobile/metrica-sdk-ios";
			requirement = {
				kind = upToNextMajorVersion;
				minimumVersion = 4.0.0;
			};
		};
/* End XCRemoteSwiftPackageReference section */

/* Begin XCSwiftPackageProductDependency section */
		D33F22E9275A5623005B5910 /* YandexMobileMetrica */ = {
			isa = XCSwiftPackageProductDependency;
			package = D33F22E8275A5623005B5910 /* XCRemoteSwiftPackageReference "metrica-sdk-ios" */;
			productName = YandexMobileMetrica;
		};
		D33F22EB275A5623005B5910 /* YandexMobileMetricaCrashes */ = {
			isa = XCSwiftPackageProductDependency;
			package = D33F22E8275A5623005B5910 /* XCRemoteSwiftPackageReference "metrica-sdk-ios" */;
			productName = YandexMobileMetricaCrashes;
		};
/* End XCSwiftPackageProductDependency section */

/* Begin XCVersionGroup section */
		D37B3B12273800DF003D3395 /* project.xcdatamodeld */ = {
			isa = XCVersionGroup;
			children = (
				D37B3B13273800DF003D3395 /* project.xcdatamodel */,
			);
			currentVersion = D37B3B13273800DF003D3395 /* project.xcdatamodel */;
			path = project.xcdatamodeld;
			sourceTree = "<group>";
			versionGroupType = wrapper.xcdatamodel;
		};
/* End XCVersionGroup section */
	};
	rootObject = D37B3AFE273800DF003D3395 /* Project object */;
}
